
Microsoft Visual Studio Solution File, Format Version 12.00
# Visual Studio Version 17
VisualStudioVersion = 17.14.37012.4 d17.14
MinimumVisualStudioVersion = 10.0.40219.1
Project("{FAE04EC0-301F-11D3-BF4B-00C04F79EFBC}") = "AIMBOT AI SAFE", "AIMBOT AI SAFE\AIMBOT AI SAFE.csproj", "{D63E07F3-3783-40AA-AAE1-15F8F8DA851F}"
EndProject
Global
	GlobalSection(SolutionConfigurationPlatforms) = preSolution
		Debug|Any CPU = Debug|Any CPU
		Release|Any CPU = Release|Any CPU
	EndGlobalSection
	GlobalSection(ProjectConfigurationPlatforms) = postSolution
		{D63E07F3-3783-40AA-AAE1-15F8F8DA851F}.Debug|Any CPU.ActiveCfg = Debug|Any CPU
		{D63E07F3-3783-40AA-AAE1-15F8F8DA851F}.Debug|Any CPU.Build.0 = Debug|Any CPU
		{D63E07F3-3783-40AA-AAE1-15F8F8DA851F}.Release|Any CPU.ActiveCfg = Release|Any CPU
		{D63E07F3-3783-40AA-AAE1-15F8F8DA851F}.Release|Any CPU.Build.0 = Release|Any CPU
	EndGlobalSection
	GlobalSection(SolutionProperties) = preSolution
		HideSolutionNode = FALSE
	EndGlobalSection
	GlobalSection(ExtensibilityGlobals) = postSolution
		SolutionGuid = {496C1362-159B-4DA5-BFD8-FF1CAEC521FE}
	EndGlobalSection
EndGlobal
